<Solution>
  <Folder Name="/Solution Items/">
    <File Path=".gitignore" />
    <File Path="README.md" />
  </Folder>
  <Folder Name="/src/">
    <Project Path="API.API/API.API.csproj" />
    <Project Path="API.Application/API.Application.csproj" />
    <Project Path="API.Domain/API.Domain.csproj" />
    <Project Path="API.Infrastructure/API.Infrastructure.csproj" />
  </Folder>
  <Folder Name="/test/">
    <Project Path="API.Tests/API.Tests.csproj" />
    <Project Path="Application.Test/Application.Test.csproj" Id="974f9dbd-2706-4864-ada4-7bb7b4aa7d49" />
    <Project Path="Infrastructure.Tests/Infrastructure.Tests.csproj" />
  </Folder>
</Solution>
